github.com/grokify/oscompat v0.4.0 h1:1orYWC7QG8vAdlDqCFULZf9eIovwc35UFzVoxGNFRSY=
github.com/grokify/oscompat v0.4.0/go.mod h1:Ekex/WzHaA39LNt5xbeQRASo74NEXAIqBlqdvNF2oUM=
github.com/plexusone/omniskill v0.9.0 h1:QrOyJ2BWIpYcaW8lTtYxHQUWmLUq4+nAcW9CJ5OImm4=
github.com/plexusone/omniskill v0.9.0/go.mod h1:L0MW5av6S0EkgGByFMwDmTJBy/7h8ourBmQ5xxM2vQI=
