github.com/grokify/oscompat v0.3.0 h1:OsZNfRRLkfShSBu8jOLwtVQLj9/gOw3UjVe//XeV5uU=
github.com/grokify/oscompat v0.3.0/go.mod h1:Ekex/WzHaA39LNt5xbeQRASo74NEXAIqBlqdvNF2oUM=
github.com/plexusone/omniskill v0.8.0 h1:ktIWX4Ue7z+oVuycB94+syOXTxAlaFAyxOiRCWlz/Tw=
github.com/plexusone/omniskill v0.8.0/go.mod h1:sXUNM1quieLAzGcqe7mffcgGpOsVXTXps1yiFKcIEnQ=
